// !$*UTF8*$!
{
	archiveVersion = 1;
	classes = {
	};
	objectVersion = 55;
	objects = {

/* Begin PBXBuildFile section */
		560E9F8B29861ACC003F7646 /* Store.swift in Sources */ = {isa = PBXBuildFile; fileRef = 560E9F8A29861ACC003F7646 /* Store.swift */; };
		560E9F8E2988BC51003F7646 /* Reducers.swift in Sources */ = {isa = PBXBuildFile; fileRef = 560E9F8D2988BC51003F7646 /* Reducers.swift */; };
		560E9F902988BC82003F7646 /* AppState.swift in Sources */ = {isa = PBXBuildFile; fileRef = 560E9F8F2988BC82003F7646 /* AppState.swift */; };
		560E9F952988BD18003F7646 /* AppDelegate.swift in Sources */ = {isa = PBXBuildFile; fileRef = 560E9F922988BD18003F7646 /* AppDelegate.swift */; };
		560E9F962988BD18003F7646 /* AppLifeCycleManager.swift in Sources */ = {isa = PBXBuildFile; fileRef = 560E9F932988BD18003F7646 /* AppLifeCycleManager.swift */; };
		560E9F972988BD18003F7646 /* SceneDelegate.swift in Sources */ = {isa = PBXBuildFile; fileRef = 560E9F942988BD18003F7646 /* SceneDelegate.swift */; };
		560E9F992988BD65003F7646 /* Router.swift in Sources */ = {isa = PBXBuildFile; fileRef = 560E9F982988BD65003F7646 /* Router.swift */; };
		560E9F9D2988D31E003F7646 /* DataStoreMiddleware.swift in Sources */ = {isa = PBXBuildFile; fileRef = 560E9F9C2988D31E003F7646 /* DataStoreMiddleware.swift */; };
		560E9FA0298A0263003F7646 /* AlertViewModel.swift in Sources */ = {isa = PBXBuildFile; fileRef = 560E9F9F298A0263003F7646 /* AlertViewModel.swift */; };
		560E9FA2298A03FA003F7646 /* ConfirmCancelViewModel.swift in Sources */ = {isa = PBXBuildFile; fileRef = 560E9FA1298A03FA003F7646 /* ConfirmCancelViewModel.swift */; };
		560E9FA4298A0BFF003F7646 /* StoreGlue.swift in Sources */ = {isa = PBXBuildFile; fileRef = 560E9FA3298A0BFF003F7646 /* StoreGlue.swift */; };
		560E9FA629A2BB36003F7646 /* SpriteProjectDetailsView.swift in Sources */ = {isa = PBXBuildFile; fileRef = 560E9FA529A2BB36003F7646 /* SpriteProjectDetailsView.swift */; };
		560E9FA829A2BC71003F7646 /* SpriteProjectDetailsViewModel.swift in Sources */ = {isa = PBXBuildFile; fileRef = 560E9FA729A2BC71003F7646 /* SpriteProjectDetailsViewModel.swift */; };
		563B5A4A290317E90012646C /* SpriteBook+Extensions.swift in Sources */ = {isa = PBXBuildFile; fileRef = 563B5A49290317E90012646C /* SpriteBook+Extensions.swift */; };
		563B5A4C29031A4D0012646C /* SpriteProjectModel.swift in Sources */ = {isa = PBXBuildFile; fileRef = 563B5A4B29031A4D0012646C /* SpriteProjectModel.swift */; };
		563B5A4E29031C040012646C /* SpritePreview+Extensions.swift in Sources */ = {isa = PBXBuildFile; fileRef = 563B5A4D29031C040012646C /* SpritePreview+Extensions.swift */; };
		564A5EA928B466A7000E5635 /* Publisher+Extensions.swift in Sources */ = {isa = PBXBuildFile; fileRef = 564A5EA828B466A7000E5635 /* Publisher+Extensions.swift */; };
		564A5EAB28B47357000E5635 /* NewSpriteState.swift in Sources */ = {isa = PBXBuildFile; fileRef = 564A5EAA28B47357000E5635 /* NewSpriteState.swift */; };
		5682344B297CAB570087F473 /* ProjectsSplitView.swift in Sources */ = {isa = PBXBuildFile; fileRef = 5682344A297CAB570087F473 /* ProjectsSplitView.swift */; };
		5682344E297CABE00087F473 /* ProjectList.swift in Sources */ = {isa = PBXBuildFile; fileRef = 5682344D297CABE00087F473 /* ProjectList.swift */; };
		568234532985BBEB0087F473 /* SwiftUIFoundation in Frameworks */ = {isa = PBXBuildFile; productRef = 568234522985BBEB0087F473 /* SwiftUIFoundation */; };
		568234582985BC630087F473 /* AssetViewModelDisplayable.swift in Sources */ = {isa = PBXBuildFile; fileRef = 568234572985BC630087F473 /* AssetViewModelDisplayable.swift */; };
		5682345A2985BC9A0087F473 /* AssetViewModel.swift in Sources */ = {isa = PBXBuildFile; fileRef = 568234592985BC9A0087F473 /* AssetViewModel.swift */; };
		5682345C2985BCC80087F473 /* ProjectListViewModel.swift in Sources */ = {isa = PBXBuildFile; fileRef = 5682345B2985BCC80087F473 /* ProjectListViewModel.swift */; };
		56C3C60728BBF3AF00C4DB2D /* SpriteBook+CoreDataClass.swift in Sources */ = {isa = PBXBuildFile; fileRef = 56C3C60428BBF3AF00C4DB2D /* SpriteBook+CoreDataClass.swift */; };
		56C3C60828BBF3AF00C4DB2D /* SpriteBook+CoreDataProperties.swift in Sources */ = {isa = PBXBuildFile; fileRef = 56C3C60528BBF3AF00C4DB2D /* SpriteBook+CoreDataProperties.swift */; };
		56DD1D2728F6502A00F784D9 /* ProjectListScene.swift in Sources */ = {isa = PBXBuildFile; fileRef = 56DD1D2628F6502A00F784D9 /* ProjectListScene.swift */; };
		56DD1D2928F6511B00F784D9 /* Utilities.swift in Sources */ = {isa = PBXBuildFile; fileRef = 56DD1D2828F6511B00F784D9 /* Utilities.swift */; };
		56E064F728A6A803004B2B42 /* AppDelegate2.swift in Sources */ = {isa = PBXBuildFile; fileRef = 56E064F628A6A803004B2B42 /* AppDelegate2.swift */; };
		56E064FD28A6A803004B2B42 /* SpriteLibraryScene.swift in Sources */ = {isa = PBXBuildFile; fileRef = 56E064FC28A6A803004B2B42 /* SpriteLibraryScene.swift */; };
		56E0650428A6A805004B2B42 /* Assets.xcassets in Resources */ = {isa = PBXBuildFile; fileRef = 56E0650328A6A805004B2B42 /* Assets.xcassets */; };
		56E0650728A6A805004B2B42 /* LaunchScreen.storyboard in Resources */ = {isa = PBXBuildFile; fileRef = 56E0650528A6A805004B2B42 /* LaunchScreen.storyboard */; };
		56E0650E28A6EC0C004B2B42 /* SpriteFactory.swift in Sources */ = {isa = PBXBuildFile; fileRef = 56E0650D28A6EC0C004B2B42 /* SpriteFactory.swift */; };
		56E0651228A9EA76004B2B42 /* SpritePreviewNode.swift in Sources */ = {isa = PBXBuildFile; fileRef = 56E0651128A9EA76004B2B42 /* SpritePreviewNode.swift */; };
		56E0651528AB1632004B2B42 /* SpritePreviewDataBase.xcdatamodeld in Sources */ = {isa = PBXBuildFile; fileRef = 56E0651328AB1632004B2B42 /* SpritePreviewDataBase.xcdatamodeld */; };
		56E0651728AB2CEE004B2B42 /* DataObjectService.swift in Sources */ = {isa = PBXBuildFile; fileRef = 56E0651628AB2CEE004B2B42 /* DataObjectService.swift */; };
		56E0651C28AB305E004B2B42 /* SpritePreview+CoreDataClass.swift in Sources */ = {isa = PBXBuildFile; fileRef = 56E0651828AB305E004B2B42 /* SpritePreview+CoreDataClass.swift */; };
		56E0651D28AB305E004B2B42 /* SpritePreview+CoreDataProperties.swift in Sources */ = {isa = PBXBuildFile; fileRef = 56E0651928AB305E004B2B42 /* SpritePreview+CoreDataProperties.swift */; };
		56E0651E28AB305E004B2B42 /* Animation+CoreDataClass.swift in Sources */ = {isa = PBXBuildFile; fileRef = 56E0651A28AB305E004B2B42 /* Animation+CoreDataClass.swift */; };
		56E0651F28AB305E004B2B42 /* Animation+CoreDataProperties.swift in Sources */ = {isa = PBXBuildFile; fileRef = 56E0651B28AB305E004B2B42 /* Animation+CoreDataProperties.swift */; };
		56E0652628AC80EA004B2B42 /* SpritePreviewModel.swift in Sources */ = {isa = PBXBuildFile; fileRef = 56E0652528AC80EA004B2B42 /* SpritePreviewModel.swift */; };
		56E0652828AC81AF004B2B42 /* AnimationModel.swift in Sources */ = {isa = PBXBuildFile; fileRef = 56E0652728AC81AF004B2B42 /* AnimationModel.swift */; };
		56E0652A28AC8256004B2B42 /* DataProvider.swift in Sources */ = {isa = PBXBuildFile; fileRef = 56E0652928AC8256004B2B42 /* DataProvider.swift */; };
/* End PBXBuildFile section */

/* Begin PBXFileReference section */
		560E9F8A29861ACC003F7646 /* Store.swift */ = {isa = PBXFileReference; lastKnownFileType = sourcecode.swift; path = Store.swift; sourceTree = "<group>"; };
		560E9F8D2988BC51003F7646 /* Reducers.swift */ = {isa = PBXFileReference; lastKnownFileType = sourcecode.swift; path = Reducers.swift; sourceTree = "<group>"; };
		560E9F8F2988BC82003F7646 /* AppState.swift */ = {isa = PBXFileReference; lastKnownFileType = sourcecode.swift; path = AppState.swift; sourceTree = "<group>"; };
		560E9F922988BD18003F7646 /* AppDelegate.swift */ = {isa = PBXFileReference; fileEncoding = 4; lastKnownFileType = sourcecode.swift; path = AppDelegate.swift; sourceTree = "<group>"; };
		560E9F932988BD18003F7646 /* AppLifeCycleManager.swift */ = {isa = PBXFileReference; fileEncoding = 4; lastKnownFileType = sourcecode.swift; path = AppLifeCycleManager.swift; sourceTree = "<group>"; };
		560E9F942988BD18003F7646 /* SceneDelegate.swift */ = {isa = PBXFileReference; fileEncoding = 4; lastKnownFileType = sourcecode.swift; path = SceneDelegate.swift; sourceTree = "<group>"; };
		560E9F982988BD65003F7646 /* Router.swift */ = {isa = PBXFileReference; fileEncoding = 4; lastKnownFileType = sourcecode.swift; path = Router.swift; sourceTree = "<group>"; };
		560E9F9A2988C555003F7646 /* Info.plist */ = {isa = PBXFileReference; lastKnownFileType = text.plist; path = Info.plist; sourceTree = "<group>"; };
		560E9F9C2988D31E003F7646 /* DataStoreMiddleware.swift */ = {isa = PBXFileReference; lastKnownFileType = sourcecode.swift; path = DataStoreMiddleware.swift; sourceTree = "<group>"; };
		560E9F9F298A0263003F7646 /* AlertViewModel.swift */ = {isa = PBXFileReference; lastKnownFileType = sourcecode.swift; path = AlertViewModel.swift; sourceTree = "<group>"; };
		560E9FA1298A03FA003F7646 /* ConfirmCancelViewModel.swift */ = {isa = PBXFileReference; lastKnownFileType = sourcecode.swift; path = ConfirmCancelViewModel.swift; sourceTree = "<group>"; };
		560E9FA3298A0BFF003F7646 /* StoreGlue.swift */ = {isa = PBXFileReference; lastKnownFileType = sourcecode.swift; path = StoreGlue.swift; sourceTree = "<group>"; };
		560E9FA529A2BB36003F7646 /* SpriteProjectDetailsView.swift */ = {isa = PBXFileReference; lastKnownFileType = sourcecode.swift; path = SpriteProjectDetailsView.swift; sourceTree = "<group>"; };
		560E9FA729A2BC71003F7646 /* SpriteProjectDetailsViewModel.swift */ = {isa = PBXFileReference; lastKnownFileType = sourcecode.swift; path = SpriteProjectDetailsViewModel.swift; sourceTree = "<group>"; };
		563B5A49290317E90012646C /* SpriteBook+Extensions.swift */ = {isa = PBXFileReference; lastKnownFileType = sourcecode.swift; path = "SpriteBook+Extensions.swift"; sourceTree = "<group>"; };
		563B5A4B29031A4D0012646C /* SpriteProjectModel.swift */ = {isa = PBXFileReference; lastKnownFileType = sourcecode.swift; path = SpriteProjectModel.swift; sourceTree = "<group>"; };
		563B5A4D29031C040012646C /* SpritePreview+Extensions.swift */ = {isa = PBXFileReference; lastKnownFileType = sourcecode.swift; path = "SpritePreview+Extensions.swift"; sourceTree = "<group>"; };
		564A5EA828B466A7000E5635 /* Publisher+Extensions.swift */ = {isa = PBXFileReference; lastKnownFileType = sourcecode.swift; path = "Publisher+Extensions.swift"; sourceTree = "<group>"; };
		564A5EAA28B47357000E5635 /* NewSpriteState.swift */ = {isa = PBXFileReference; lastKnownFileType = sourcecode.swift; path = NewSpriteState.swift; sourceTree = "<group>"; };
		5682344A297CAB570087F473 /* ProjectsSplitView.swift */ = {isa = PBXFileReference; lastKnownFileType = sourcecode.swift; path = ProjectsSplitView.swift; sourceTree = "<group>"; };
		5682344D297CABE00087F473 /* ProjectList.swift */ = {isa = PBXFileReference; lastKnownFileType = sourcecode.swift; path = ProjectList.swift; sourceTree = "<group>"; };
		568234502985BB710087F473 /* SwiftUIFoundation */ = {isa = PBXFileReference; lastKnownFileType = wrapper; name = SwiftUIFoundation; path = ../SwiftUIFoundation; sourceTree = "<group>"; };
		568234572985BC630087F473 /* AssetViewModelDisplayable.swift */ = {isa = PBXFileReference; lastKnownFileType = sourcecode.swift; path = AssetViewModelDisplayable.swift; sourceTree = "<group>"; };
		568234592985BC9A0087F473 /* AssetViewModel.swift */ = {isa = PBXFileReference; lastKnownFileType = sourcecode.swift; path = AssetViewModel.swift; sourceTree = "<group>"; };
		5682345B2985BCC80087F473 /* ProjectListViewModel.swift */ = {isa = PBXFileReference; lastKnownFileType = sourcecode.swift; path = ProjectListViewModel.swift; sourceTree = "<group>"; };
		56C3C60428BBF3AF00C4DB2D /* SpriteBook+CoreDataClass.swift */ = {isa = PBXFileReference; lastKnownFileType = sourcecode.swift; path = "SpriteBook+CoreDataClass.swift"; sourceTree = "<group>"; };
		56C3C60528BBF3AF00C4DB2D /* SpriteBook+CoreDataProperties.swift */ = {isa = PBXFileReference; lastKnownFileType = sourcecode.swift; path = "SpriteBook+CoreDataProperties.swift"; sourceTree = "<group>"; };
		56DD1D2628F6502A00F784D9 /* ProjectListScene.swift */ = {isa = PBXFileReference; lastKnownFileType = sourcecode.swift; path = ProjectListScene.swift; sourceTree = "<group>"; };
		56DD1D2828F6511B00F784D9 /* Utilities.swift */ = {isa = PBXFileReference; lastKnownFileType = sourcecode.swift; path = Utilities.swift; sourceTree = "<group>"; };
		56E064F328A6A803004B2B42 /* SpriteAnimationPreview.app */ = {isa = PBXFileReference; explicitFileType = wrapper.application; includeInIndex = 0; path = SpriteAnimationPreview.app; sourceTree = BUILT_PRODUCTS_DIR; };
		56E064F628A6A803004B2B42 /* AppDelegate2.swift */ = {isa = PBXFileReference; lastKnownFileType = sourcecode.swift; path = AppDelegate2.swift; sourceTree = "<group>"; };
		56E064FC28A6A803004B2B42 /* SpriteLibraryScene.swift */ = {isa = PBXFileReference; lastKnownFileType = sourcecode.swift; path = SpriteLibraryScene.swift; sourceTree = "<group>"; };
		56E0650328A6A805004B2B42 /* Assets.xcassets */ = {isa = PBXFileReference; lastKnownFileType = folder.assetcatalog; path = Assets.xcassets; sourceTree = "<group>"; };
		56E0650628A6A805004B2B42 /* Base */ = {isa = PBXFileReference; lastKnownFileType = file.storyboard; name = Base; path = Base.lproj/LaunchScreen.storyboard; sourceTree = "<group>"; };
		56E0650D28A6EC0C004B2B42 /* SpriteFactory.swift */ = {isa = PBXFileReference; lastKnownFileType = sourcecode.swift; path = SpriteFactory.swift; sourceTree = "<group>"; };
		56E0651128A9EA76004B2B42 /* SpritePreviewNode.swift */ = {isa = PBXFileReference; lastKnownFileType = sourcecode.swift; path = SpritePreviewNode.swift; sourceTree = "<group>"; };
		56E0651428AB1632004B2B42 /* SpritePreviewDataBase.xcdatamodel */ = {isa = PBXFileReference; lastKnownFileType = wrapper.xcdatamodel; path = SpritePreviewDataBase.xcdatamodel; sourceTree = "<group>"; };
		56E0651628AB2CEE004B2B42 /* DataObjectService.swift */ = {isa = PBXFileReference; lastKnownFileType = sourcecode.swift; path = DataObjectService.swift; sourceTree = "<group>"; };
		56E0651828AB305E004B2B42 /* SpritePreview+CoreDataClass.swift */ = {isa = PBXFileReference; lastKnownFileType = sourcecode.swift; path = "SpritePreview+CoreDataClass.swift"; sourceTree = "<group>"; };
		56E0651928AB305E004B2B42 /* SpritePreview+CoreDataProperties.swift */ = {isa = PBXFileReference; lastKnownFileType = sourcecode.swift; path = "SpritePreview+CoreDataProperties.swift"; sourceTree = "<group>"; };
		56E0651A28AB305E004B2B42 /* Animation+CoreDataClass.swift */ = {isa = PBXFileReference; lastKnownFileType = sourcecode.swift; path = "Animation+CoreDataClass.swift"; sourceTree = "<group>"; };
		56E0651B28AB305E004B2B42 /* Animation+CoreDataProperties.swift */ = {isa = PBXFileReference; lastKnownFileType = sourcecode.swift; path = "Animation+CoreDataProperties.swift"; sourceTree = "<group>"; };
		56E0652528AC80EA004B2B42 /* SpritePreviewModel.swift */ = {isa = PBXFileReference; lastKnownFileType = sourcecode.swift; path = SpritePreviewModel.swift; sourceTree = "<group>"; };
		56E0652728AC81AF004B2B42 /* AnimationModel.swift */ = {isa = PBXFileReference; lastKnownFileType = sourcecode.swift; path = AnimationModel.swift; sourceTree = "<group>"; };
		56E0652928AC8256004B2B42 /* DataProvider.swift */ = {isa = PBXFileReference; lastKnownFileType = sourcecode.swift; path = DataProvider.swift; sourceTree = "<group>"; };
/* End PBXFileReference section */

/* Begin PBXFrameworksBuildPhase section */
		56E064F028A6A803004B2B42 /* Frameworks */ = {
			isa = PBXFrameworksBuildPhase;
			buildActionMask = 2147483647;
			files = (
				568234532985BBEB0087F473 /* SwiftUIFoundation in Frameworks */,
			);
			runOnlyForDeploymentPostprocessing = 0;
		};
/* End PBXFrameworksBuildPhase section */

/* Begin PBXGroup section */
		560E9F8C2988BC3A003F7646 /* Redux */ = {
			isa = PBXGroup;
			children = (
				560E9F9B2988D30D003F7646 /* Middleware */,
				560E9F982988BD65003F7646 /* Router.swift */,
				560E9F8A29861ACC003F7646 /* Store.swift */,
				560E9F8D2988BC51003F7646 /* Reducers.swift */,
				560E9F8F2988BC82003F7646 /* AppState.swift */,
			);
			path = Redux;
			sourceTree = "<group>";
		};
		560E9F912988BCFC003F7646 /* Lifecycle */ = {
			isa = PBXGroup;
			children = (
				560E9F922988BD18003F7646 /* AppDelegate.swift */,
				560E9F932988BD18003F7646 /* AppLifeCycleManager.swift */,
				560E9F942988BD18003F7646 /* SceneDelegate.swift */,
				560E9FA3298A0BFF003F7646 /* StoreGlue.swift */,
			);
			path = Lifecycle;
			sourceTree = "<group>";
		};
		560E9F9B2988D30D003F7646 /* Middleware */ = {
			isa = PBXGroup;
			children = (
				560E9F9C2988D31E003F7646 /* DataStoreMiddleware.swift */,
			);
			path = Middleware;
			sourceTree = "<group>";
		};
		560E9F9E298A0247003F7646 /* BasicViewModels */ = {
			isa = PBXGroup;
			children = (
				560E9F9F298A0263003F7646 /* AlertViewModel.swift */,
				560E9FA1298A03FA003F7646 /* ConfirmCancelViewModel.swift */,
			);
			path = BasicViewModels;
			sourceTree = "<group>";
		};
		563B5A4F29031D7A0012646C /* Scenes */ = {
			isa = PBXGroup;
			children = (
				56E064FC28A6A803004B2B42 /* SpriteLibraryScene.swift */,
				56DD1D2628F6502A00F784D9 /* ProjectListScene.swift */,
			);
			path = Scenes;
			sourceTree = "<group>";
		};
		563B5A5029031DB50012646C /* Models */ = {
			isa = PBXGroup;
			children = (
				56E0652528AC80EA004B2B42 /* SpritePreviewModel.swift */,
				563B5A4B29031A4D0012646C /* SpriteProjectModel.swift */,
				56E0652728AC81AF004B2B42 /* AnimationModel.swift */,
			);
			path = Models;
			sourceTree = "<group>";
		};
		5682344C297CABBE0087F473 /* SwiftUIViews */ = {
			isa = PBXGroup;
			children = (
				568234542985BC1B0087F473 /* ViewModels */,
				5682344A297CAB570087F473 /* ProjectsSplitView.swift */,
				5682344D297CABE00087F473 /* ProjectList.swift */,
				560E9FA529A2BB36003F7646 /* SpriteProjectDetailsView.swift */,
			);
			path = SwiftUIViews;
			sourceTree = "<group>";
		};
		5682344F2985BB710087F473 /* Packages */ = {
			isa = PBXGroup;
			children = (
				568234502985BB710087F473 /* SwiftUIFoundation */,
			);
			name = Packages;
			sourceTree = "<group>";
		};
		568234512985BBEB0087F473 /* Frameworks */ = {
			isa = PBXGroup;
			children = (
			);
			name = Frameworks;
			sourceTree = "<group>";
		};
		568234542985BC1B0087F473 /* ViewModels */ = {
			isa = PBXGroup;
			children = (
				568234562985BC4C0087F473 /* Implementation */,
				568234552985BC400087F473 /* Interfaces */,
			);
			path = ViewModels;
			sourceTree = "<group>";
		};
		568234552985BC400087F473 /* Interfaces */ = {
			isa = PBXGroup;
			children = (
				568234572985BC630087F473 /* AssetViewModelDisplayable.swift */,
			);
			path = Interfaces;
			sourceTree = "<group>";
		};
		568234562985BC4C0087F473 /* Implementation */ = {
			isa = PBXGroup;
			children = (
				568234592985BC9A0087F473 /* AssetViewModel.swift */,
				5682345B2985BCC80087F473 /* ProjectListViewModel.swift */,
				560E9FA729A2BC71003F7646 /* SpriteProjectDetailsViewModel.swift */,
			);
			path = Implementation;
			sourceTree = "<group>";
		};
		56E064EA28A6A803004B2B42 = {
			isa = PBXGroup;
			children = (
				5682344F2985BB710087F473 /* Packages */,
				56E064F528A6A803004B2B42 /* SpriteAnimationPreview */,
				56E064F428A6A803004B2B42 /* Products */,
				568234512985BBEB0087F473 /* Frameworks */,
			);
			sourceTree = "<group>";
		};
		56E064F428A6A803004B2B42 /* Products */ = {
			isa = PBXGroup;
			children = (
				56E064F328A6A803004B2B42 /* SpriteAnimationPreview.app */,
			);
			name = Products;
			sourceTree = "<group>";
		};
		56E064F528A6A803004B2B42 /* SpriteAnimationPreview */ = {
			isa = PBXGroup;
			children = (
				56E0650328A6A805004B2B42 /* Assets.xcassets */,
				56E0650528A6A805004B2B42 /* LaunchScreen.storyboard */,
				560E9F9A2988C555003F7646 /* Info.plist */,
				560E9F912988BCFC003F7646 /* Lifecycle */,
				56E0652428AC7AE7004B2B42 /* Data */,
				56E064F628A6A803004B2B42 /* AppDelegate2.swift */,
				563B5A4F29031D7A0012646C /* Scenes */,
				56E0650D28A6EC0C004B2B42 /* SpriteFactory.swift */,
				56E0651128A9EA76004B2B42 /* SpritePreviewNode.swift */,
				56E0651628AB2CEE004B2B42 /* DataObjectService.swift */,
				563B5A5029031DB50012646C /* Models */,
				56E0652928AC8256004B2B42 /* DataProvider.swift */,
				564A5EA828B466A7000E5635 /* Publisher+Extensions.swift */,
				564A5EAA28B47357000E5635 /* NewSpriteState.swift */,
				56DD1D2828F6511B00F784D9 /* Utilities.swift */,
				560E9F9E298A0247003F7646 /* BasicViewModels */,
				5682344C297CABBE0087F473 /* SwiftUIViews */,
				560E9F8C2988BC3A003F7646 /* Redux */,
			);
			path = SpriteAnimationPreview;
			sourceTree = "<group>";
		};
		56E0652428AC7AE7004B2B42 /* Data */ = {
			isa = PBXGroup;
			children = (
				56C3C60428BBF3AF00C4DB2D /* SpriteBook+CoreDataClass.swift */,
				56C3C60528BBF3AF00C4DB2D /* SpriteBook+CoreDataProperties.swift */,
				56E0651828AB305E004B2B42 /* SpritePreview+CoreDataClass.swift */,
				56E0651928AB305E004B2B42 /* SpritePreview+CoreDataProperties.swift */,
				56E0651A28AB305E004B2B42 /* Animation+CoreDataClass.swift */,
				56E0651B28AB305E004B2B42 /* Animation+CoreDataProperties.swift */,
				56E0651328AB1632004B2B42 /* SpritePreviewDataBase.xcdatamodeld */,
				563B5A49290317E90012646C /* SpriteBook+Extensions.swift */,
				563B5A4D29031C040012646C /* SpritePreview+Extensions.swift */,
			);
			path = Data;
			sourceTree = "<group>";
		};
/* End PBXGroup section */

/* Begin PBXNativeTarget section */
		56E064F228A6A803004B2B42 /* SpriteAnimationPreview */ = {
			isa = PBXNativeTarget;
			buildConfigurationList = 56E0650A28A6A805004B2B42 /* Build configuration list for PBXNativeTarget "SpriteAnimationPreview" */;
			buildPhases = (
				56E064EF28A6A803004B2B42 /* Sources */,
				56E064F028A6A803004B2B42 /* Frameworks */,
				56E064F128A6A803004B2B42 /* Resources */,
			);
			buildRules = (
			);
			dependencies = (
			);
			name = SpriteAnimationPreview;
			packageProductDependencies = (
				568234522985BBEB0087F473 /* SwiftUIFoundation */,
			);
			productName = SpriteAnimationPreview;
			productReference = 56E064F328A6A803004B2B42 /* SpriteAnimationPreview.app */;
			productType = "com.apple.product-type.application";
		};
/* End PBXNativeTarget section */

/* Begin PBXProject section */
		56E064EB28A6A803004B2B42 /* Project object */ = {
			isa = PBXProject;
			attributes = {
				BuildIndependentTargetsInParallel = 1;
				LastSwiftUpdateCheck = 1340;
				LastUpgradeCheck = 1340;
				TargetAttributes = {
					56E064F228A6A803004B2B42 = {
						CreatedOnToolsVersion = 13.4.1;
					};
				};
			};
			buildConfigurationList = 56E064EE28A6A803004B2B42 /* Build configuration list for PBXProject "SpriteAnimationPreview" */;
			compatibilityVersion = "Xcode 13.0";
			developmentRegion = en;
			hasScannedForEncodings = 0;
			knownRegions = (
				en,
				Base,
			);
			mainGroup = 56E064EA28A6A803004B2B42;
			packageReferences = (
			);
			productRefGroup = 56E064F428A6A803004B2B42 /* Products */;
			projectDirPath = "";
			projectRoot = "";
			targets = (
				56E064F228A6A803004B2B42 /* SpriteAnimationPreview */,
			);
		};
/* End PBXProject section */

/* Begin PBXResourcesBuildPhase section */
		56E064F128A6A803004B2B42 /* Resources */ = {
			isa = PBXResourcesBuildPhase;
			buildActionMask = 2147483647;
			files = (
				56E0650428A6A805004B2B42 /* Assets.xcassets in Resources */,
				56E0650728A6A805004B2B42 /* LaunchScreen.storyboard in Resources */,
			);
			runOnlyForDeploymentPostprocessing = 0;
		};
/* End PBXResourcesBuildPhase section */

/* Begin PBXSourcesBuildPhase section */
		56E064EF28A6A803004B2B42 /* Sources */ = {
			isa = PBXSourcesBuildPhase;
			buildActionMask = 2147483647;
			files = (
				560E9FA629A2BB36003F7646 /* SpriteProjectDetailsView.swift in Sources */,
				563B5A4E29031C040012646C /* SpritePreview+Extensions.swift in Sources */,
				56E0651E28AB305E004B2B42 /* Animation+CoreDataClass.swift in Sources */,
				564A5EAB28B47357000E5635 /* NewSpriteState.swift in Sources */,
				5682345A2985BC9A0087F473 /* AssetViewModel.swift in Sources */,
				5682344E297CABE00087F473 /* ProjectList.swift in Sources */,
				56E0652628AC80EA004B2B42 /* SpritePreviewModel.swift in Sources */,
				560E9FA4298A0BFF003F7646 /* StoreGlue.swift in Sources */,
				560E9F8E2988BC51003F7646 /* Reducers.swift in Sources */,
				560E9F972988BD18003F7646 /* SceneDelegate.swift in Sources */,
				56E0651528AB1632004B2B42 /* SpritePreviewDataBase.xcdatamodeld in Sources */,
				560E9F952988BD18003F7646 /* AppDelegate.swift in Sources */,
				56E0652828AC81AF004B2B42 /* AnimationModel.swift in Sources */,
				560E9F8B29861ACC003F7646 /* Store.swift in Sources */,
				564A5EA928B466A7000E5635 /* Publisher+Extensions.swift in Sources */,
				56E0651728AB2CEE004B2B42 /* DataObjectService.swift in Sources */,
				563B5A4C29031A4D0012646C /* SpriteProjectModel.swift in Sources */,
				560E9F902988BC82003F7646 /* AppState.swift in Sources */,
				568234582985BC630087F473 /* AssetViewModelDisplayable.swift in Sources */,
				560E9F992988BD65003F7646 /* Router.swift in Sources */,
				56E0651F28AB305E004B2B42 /* Animation+CoreDataProperties.swift in Sources */,
				56E064FD28A6A803004B2B42 /* SpriteLibraryScene.swift in Sources */,
				56DD1D2728F6502A00F784D9 /* ProjectListScene.swift in Sources */,
				56E0652A28AC8256004B2B42 /* DataProvider.swift in Sources */,
				560E9FA0298A0263003F7646 /* AlertViewModel.swift in Sources */,
				560E9F962988BD18003F7646 /* AppLifeCycleManager.swift in Sources */,
				5682345C2985BCC80087F473 /* ProjectListViewModel.swift in Sources */,
				56E0651D28AB305E004B2B42 /* SpritePreview+CoreDataProperties.swift in Sources */,
				56E0651C28AB305E004B2B42 /* SpritePreview+CoreDataClass.swift in Sources */,
				56E0650E28A6EC0C004B2B42 /* SpriteFactory.swift in Sources */,
				560E9FA829A2BC71003F7646 /* SpriteProjectDetailsViewModel.swift in Sources */,
				560E9FA2298A03FA003F7646 /* ConfirmCancelViewModel.swift in Sources */,
				56C3C60728BBF3AF00C4DB2D /* SpriteBook+CoreDataClass.swift in Sources */,
				563B5A4A290317E90012646C /* SpriteBook+Extensions.swift in Sources */,
				5682344B297CAB570087F473 /* ProjectsSplitView.swift in Sources */,
				56E064F728A6A803004B2B42 /* AppDelegate2.swift in Sources */,
				56C3C60828BBF3AF00C4DB2D /* SpriteBook+CoreDataProperties.swift in Sources */,
				560E9F9D2988D31E003F7646 /* DataStoreMiddleware.swift in Sources */,
				56DD1D2928F6511B00F784D9 /* Utilities.swift in Sources */,
				56E0651228A9EA76004B2B42 /* SpritePreviewNode.swift in Sources */,
			);
			runOnlyForDeploymentPostprocessing = 0;
		};
/* End PBXSourcesBuildPhase section */

/* Begin PBXVariantGroup section */
		56E0650528A6A805004B2B42 /* LaunchScreen.storyboard */ = {
			isa = PBXVariantGroup;
			children = (
				56E0650628A6A805004B2B42 /* Base */,
			);
			name = LaunchScreen.storyboard;
			sourceTree = "<group>";
		};
/* End PBXVariantGroup section */

/* Begin XCBuildConfiguration section */
		56E0650828A6A805004B2B42 /* Debug */ = {
			isa = XCBuildConfiguration;
			buildSettings = {
				ALWAYS_SEARCH_USER_PATHS = NO;
				CLANG_ANALYZER_NONNULL = YES;
				CLANG_ANALYZER_NUMBER_OBJECT_CONVERSION = YES_AGGRESSIVE;
				CLANG_CXX_LANGUAGE_STANDARD = "gnu++17";
				CLANG_ENABLE_MODULES = YES;
				CLANG_ENABLE_OBJC_ARC = YES;
				CLANG_ENABLE_OBJC_WEAK = YES;
				CLANG_WARN_BLOCK_CAPTURE_AUTORELEASING = YES;
				CLANG_WARN_BOOL_CONVERSION = YES;
				CLANG_WARN_COMMA = YES;
				CLANG_WARN_CONSTANT_CONVERSION = YES;
				CLANG_WARN_DEPRECATED_OBJC_IMPLEMENTATIONS = YES;
				CLANG_WARN_DIRECT_OBJC_ISA_USAGE = YES_ERROR;
				CLANG_WARN_DOCUMENTATION_COMMENTS = YES;
				CLANG_WARN_EMPTY_BODY = YES;
				CLANG_WARN_ENUM_CONVERSION = YES;
				CLANG_WARN_INFINITE_RECURSION = YES;
				CLANG_WARN_INT_CONVERSION = YES;
				CLANG_WARN_NON_LITERAL_NULL_CONVERSION = YES;
				CLANG_WARN_OBJC_IMPLICIT_RETAIN_SELF = YES;
				CLANG_WARN_OBJC_LITERAL_CONVERSION = YES;
				CLANG_WARN_OBJC_ROOT_CLASS = YES_ERROR;
				CLANG_WARN_QUOTED_INCLUDE_IN_FRAMEWORK_HEADER = YES;
				CLANG_WARN_RANGE_LOOP_ANALYSIS = YES;
				CLANG_WARN_STRICT_PROTOTYPES = YES;
				CLANG_WARN_SUSPICIOUS_MOVE = YES;
				CLANG_WARN_UNGUARDED_AVAILABILITY = YES_AGGRESSIVE;
				CLANG_WARN_UNREACHABLE_CODE = YES;
				CLANG_WARN__DUPLICATE_METHOD_MATCH = YES;
				COPY_PHASE_STRIP = NO;
				DEBUG_INFORMATION_FORMAT = dwarf;
				ENABLE_STRICT_OBJC_MSGSEND = YES;
				ENABLE_TESTABILITY = YES;
				GCC_C_LANGUAGE_STANDARD = gnu11;
				GCC_DYNAMIC_NO_PIC = NO;
				GCC_NO_COMMON_BLOCKS = YES;
				GCC_OPTIMIZATION_LEVEL = 0;
				GCC_PREPROCESSOR_DEFINITIONS = (
					"DEBUG=1",
					"$(inherited)",
				);
				GCC_WARN_64_TO_32_BIT_CONVERSION = YES;
				GCC_WARN_ABOUT_RETURN_TYPE = YES_ERROR;
				GCC_WARN_UNDECLARED_SELECTOR = YES;
				GCC_WARN_UNINITIALIZED_AUTOS = YES_AGGRESSIVE;
				GCC_WARN_UNUSED_FUNCTION = YES;
				GCC_WARN_UNUSED_VARIABLE = YES;
				IPHONEOS_DEPLOYMENT_TARGET = 16.2;
				MTL_ENABLE_DEBUG_INFO = INCLUDE_SOURCE;
				MTL_FAST_MATH = YES;
				ONLY_ACTIVE_ARCH = YES;
				SDKROOT = iphoneos;
				SWIFT_ACTIVE_COMPILATION_CONDITIONS = DEBUG;
				SWIFT_OPTIMIZATION_LEVEL = "-Onone";
			};
			name = Debug;
		};
		56E0650928A6A805004B2B42 /* Release */ = {
			isa = XCBuildConfiguration;
			buildSettings = {
				ALWAYS_SEARCH_USER_PATHS = NO;
				CLANG_ANALYZER_NONNULL = YES;
				CLANG_ANALYZER_NUMBER_OBJECT_CONVERSION = YES_AGGRESSIVE;
				CLANG_CXX_LANGUAGE_STANDARD = "gnu++17";
				CLANG_ENABLE_MODULES = YES;
				CLANG_ENABLE_OBJC_ARC = YES;
				CLANG_ENABLE_OBJC_WEAK = YES;
				CLANG_WARN_BLOCK_CAPTURE_AUTORELEASING = YES;
				CLANG_WARN_BOOL_CONVERSION = YES;
				CLANG_WARN_COMMA = YES;
				CLANG_WARN_CONSTANT_CONVERSION = YES;
				CLANG_WARN_DEPRECATED_OBJC_IMPLEMENTATIONS = YES;
				CLANG_WARN_DIRECT_OBJC_ISA_USAGE = YES_ERROR;
				CLANG_WARN_DOCUMENTATION_COMMENTS = YES;
				CLANG_WARN_EMPTY_BODY = YES;
				CLANG_WARN_ENUM_CONVERSION = YES;
				CLANG_WARN_INFINITE_RECURSION = YES;
				CLANG_WARN_INT_CONVERSION = YES;
				CLANG_WARN_NON_LITERAL_NULL_CONVERSION = YES;
				CLANG_WARN_OBJC_IMPLICIT_RETAIN_SELF = YES;
				CLANG_WARN_OBJC_LITERAL_CONVERSION = YES;
				CLANG_WARN_OBJC_ROOT_CLASS = YES_ERROR;
				CLANG_WARN_QUOTED_INCLUDE_IN_FRAMEWORK_HEADER = YES;
				CLANG_WARN_RANGE_LOOP_ANALYSIS = YES;
				CLANG_WARN_STRICT_PROTOTYPES = YES;
				CLANG_WARN_SUSPICIOUS_MOVE = YES;
				CLANG_WARN_UNGUARDED_AVAILABILITY = YES_AGGRESSIVE;
				CLANG_WARN_UNREACHABLE_CODE = YES;
				CLANG_WARN__DUPLICATE_METHOD_MATCH = YES;
				COPY_PHASE_STRIP = NO;
				DEBUG_INFORMATION_FORMAT = "dwarf-with-dsym";
				ENABLE_NS_ASSERTIONS = NO;
				ENABLE_STRICT_OBJC_MSGSEND = YES;
				GCC_C_LANGUAGE_STANDARD = gnu11;
				GCC_NO_COMMON_BLOCKS = YES;
				GCC_WARN_64_TO_32_BIT_CONVERSION = YES;
				GCC_WARN_ABOUT_RETURN_TYPE = YES_ERROR;
				GCC_WARN_UNDECLARED_SELECTOR = YES;
				GCC_WARN_UNINITIALIZED_AUTOS = YES_AGGRESSIVE;
				GCC_WARN_UNUSED_FUNCTION = YES;
				GCC_WARN_UNUSED_VARIABLE = YES;
				IPHONEOS_DEPLOYMENT_TARGET = 16.2;
				MTL_ENABLE_DEBUG_INFO = NO;
				MTL_FAST_MATH = YES;
				SDKROOT = iphoneos;
				SWIFT_COMPILATION_MODE = wholemodule;
				SWIFT_OPTIMIZATION_LEVEL = "-O";
				VALIDATE_PRODUCT = YES;
			};
			name = Release;
		};
		56E0650B28A6A805004B2B42 /* Debug */ = {
			isa = XCBuildConfiguration;
			buildSettings = {
				ASSETCATALOG_COMPILER_APPICON_NAME = AppIcon;
				ASSETCATALOG_COMPILER_GLOBAL_ACCENT_COLOR_NAME = AccentColor;
				CODE_SIGN_STYLE = Automatic;
				CURRENT_PROJECT_VERSION = 1;
				DEVELOPMENT_TEAM = 52UN9P9E5H;
				GENERATE_INFOPLIST_FILE = YES;
				INFOPLIST_FILE = SpriteAnimationPreview/Info.plist;
				INFOPLIST_KEY_UIApplicationSupportsIndirectInputEvents = YES;
				INFOPLIST_KEY_UILaunchStoryboardName = LaunchScreen;
				INFOPLIST_KEY_UIStatusBarHidden = YES;
				INFOPLIST_KEY_UISupportedInterfaceOrientations_iPad = "UIInterfaceOrientationPortrait UIInterfaceOrientationPortraitUpsideDown UIInterfaceOrientationLandscapeLeft UIInterfaceOrientationLandscapeRight";
				INFOPLIST_KEY_UISupportedInterfaceOrientations_iPhone = "UIInterfaceOrientationPortrait UIInterfaceOrientationLandscapeLeft UIInterfaceOrientationLandscapeRight";
				LD_RUNPATH_SEARCH_PATHS = (
					"$(inherited)",
					"@executable_path/Frameworks",
				);
				MARKETING_VERSION = 1.0;
				PRODUCT_BUNDLE_IDENTIFIER = com.jlongstudios.SpriteAnimationPreview;
				PRODUCT_NAME = "$(TARGET_NAME)";
				SWIFT_EMIT_LOC_STRINGS = YES;
				SWIFT_VERSION = 5.0;
				TARGETED_DEVICE_FAMILY = "1,2";
			};
			name = Debug;
		};
		56E0650C28A6A805004B2B42 /* Release */ = {
			isa = XCBuildConfiguration;
			buildSettings = {
				ASSETCATALOG_COMPILER_APPICON_NAME = AppIcon;
				ASSETCATALOG_COMPILER_GLOBAL_ACCENT_COLOR_NAME = AccentColor;
				CODE_SIGN_STYLE = Automatic;
				CURRENT_PROJECT_VERSION = 1;
				DEVELOPMENT_TEAM = 52UN9P9E5H;
				GENERATE_INFOPLIST_FILE = YES;
				INFOPLIST_FILE = SpriteAnimationPreview/Info.plist;
				INFOPLIST_KEY_UIApplicationSupportsIndirectInputEvents = YES;
				INFOPLIST_KEY_UILaunchStoryboardName = LaunchScreen;
				INFOPLIST_KEY_UIStatusBarHidden = YES;
				INFOPLIST_KEY_UISupportedInterfaceOrientations_iPad = "UIInterfaceOrientationPortrait UIInterfaceOrientationPortraitUpsideDown UIInterfaceOrientationLandscapeLeft UIInterfaceOrientationLandscapeRight";
				INFOPLIST_KEY_UISupportedInterfaceOrientations_iPhone = "UIInterfaceOrientationPortrait UIInterfaceOrientationLandscapeLeft UIInterfaceOrientationLandscapeRight";
				LD_RUNPATH_SEARCH_PATHS = (
					"$(inherited)",
					"@executable_path/Frameworks",
				);
				MARKETING_VERSION = 1.0;
				PRODUCT_BUNDLE_IDENTIFIER = com.jlongstudios.SpriteAnimationPreview;
				PRODUCT_NAME = "$(TARGET_NAME)";
				SWIFT_EMIT_LOC_STRINGS = YES;
				SWIFT_VERSION = 5.0;
				TARGETED_DEVICE_FAMILY = "1,2";
			};
			name = Release;
		};
/* End XCBuildConfiguration section */

/* Begin XCConfigurationList section */
		56E064EE28A6A803004B2B42 /* Build configuration list for PBXProject "SpriteAnimationPreview" */ = {
			isa = XCConfigurationList;
			buildConfigurations = (
				56E0650828A6A805004B2B42 /* Debug */,
				56E0650928A6A805004B2B42 /* Release */,
			);
			defaultConfigurationIsVisible = 0;
			defaultConfigurationName = Release;
		};
		56E0650A28A6A805004B2B42 /* Build configuration list for PBXNativeTarget "SpriteAnimationPreview" */ = {
			isa = XCConfigurationList;
			buildConfigurations = (
				56E0650B28A6A805004B2B42 /* Debug */,
				56E0650C28A6A805004B2B42 /* Release */,
			);
			defaultConfigurationIsVisible = 0;
			defaultConfigurationName = Release;
		};
/* End XCConfigurationList section */

/* Begin XCSwiftPackageProductDependency section */
		568234522985BBEB0087F473 /* SwiftUIFoundation */ = {
			isa = XCSwiftPackageProductDependency;
			productName = SwiftUIFoundation;
		};
/* End XCSwiftPackageProductDependency section */

/* Begin XCVersionGroup section */
		56E0651328AB1632004B2B42 /* SpritePreviewDataBase.xcdatamodeld */ = {
			isa = XCVersionGroup;
			children = (
				56E0651428AB1632004B2B42 /* SpritePreviewDataBase.xcdatamodel */,
			);
			currentVersion = 56E0651428AB1632004B2B42 /* SpritePreviewDataBase.xcdatamodel */;
			path = SpritePreviewDataBase.xcdatamodeld;
			sourceTree = "<group>";
			versionGroupType = wrapper.xcdatamodel;
		};
/* End XCVersionGroup section */
	};
	rootObject = 56E064EB28A6A803004B2B42 /* Project object */;
}
